
Microsoft Visual Studio Solution File, Format Version 12.00
# Visual Studio Version 16
VisualStudioVersion = 16.0.29519.87
MinimumVisualStudioVersion = 10.0.40219.1
Project("{FAE04EC0-301F-11D3-BF4B-00C04F79EFBC}") = "DemoUI.MahApps", "DemoUI.MahApps\DemoUI.MahApps.csproj", "{5242199D-877E-404F-9C38-AC37E4AE073F}"
EndProject
Project("{FAE04EC0-301F-11D3-BF4B-00C04F79EFBC}") = "DemoUI.MaterialDesign", "DemoUI.MaterialDesign\DemoUI.MaterialDesign.csproj", "{8ECE76C8-D51E-4D2F-A7AA-EBC81F6A0FEF}"
EndProject
Project("{FAE04EC0-301F-11D3-BF4B-00C04F79EFBC}") = "DemoUI.Core", "DemoUI.Core\DemoUI.Core.csproj", "{BCCDE90F-3B80-4EE5-8A59-B7AD370B8E96}"
EndProject
Global
	GlobalSection(SolutionConfigurationPlatforms) = preSolution
		Debug|Any CPU = Debug|Any CPU
		Release|Any CPU = Release|Any CPU
	EndGlobalSection
	GlobalSection(ProjectConfigurationPlatforms) = postSolution
		{5242199D-877E-404F-9C38-AC37E4AE073F}.Debug|Any CPU.ActiveCfg = Debug|Any CPU
		{5242199D-877E-404F-9C38-AC37E4AE073F}.Debug|Any CPU.Build.0 = Debug|Any CPU
		{5242199D-877E-404F-9C38-AC37E4AE073F}.Release|Any CPU.ActiveCfg = Release|Any CPU
		{5242199D-877E-404F-9C38-AC37E4AE073F}.Release|Any CPU.Build.0 = Release|Any CPU
		{8ECE76C8-D51E-4D2F-A7AA-EBC81F6A0FEF}.Debug|Any CPU.ActiveCfg = Debug|Any CPU
		{8ECE76C8-D51E-4D2F-A7AA-EBC81F6A0FEF}.Debug|Any CPU.Build.0 = Debug|Any CPU
		{8ECE76C8-D51E-4D2F-A7AA-EBC81F6A0FEF}.Release|Any CPU.ActiveCfg = Release|Any CPU
		{8ECE76C8-D51E-4D2F-A7AA-EBC81F6A0FEF}.Release|Any CPU.Build.0 = Release|Any CPU
		{BCCDE90F-3B80-4EE5-8A59-B7AD370B8E96}.Debug|Any CPU.ActiveCfg = Debug|Any CPU
		{BCCDE90F-3B80-4EE5-8A59-B7AD370B8E96}.Debug|Any CPU.Build.0 = Debug|Any CPU
		{BCCDE90F-3B80-4EE5-8A59-B7AD370B8E96}.Release|Any CPU.ActiveCfg = Release|Any CPU
		{BCCDE90F-3B80-4EE5-8A59-B7AD370B8E96}.Release|Any CPU.Build.0 = Release|Any CPU
	EndGlobalSection
	GlobalSection(SolutionProperties) = preSolution
		HideSolutionNode = FALSE
	EndGlobalSection
	GlobalSection(ExtensibilityGlobals) = postSolution
		SolutionGuid = {D9D578F3-9766-419D-9B2F-B226CCEDB70A}
	EndGlobalSection
EndGlobal
